
Microsoft Visual Studio Solution File, Format Version 12.00
# Visual Studio 15
VisualStudioVersion = 15.0.28010.2016
MinimumVisualStudioVersion = 10.0.40219.1
Project("{FAE04EC0-301F-11D3-BF4B-00C04F79EFBC}") = "projarm", "projarm\projarm.csproj", "{F848FF15-68F8-4FE3-A1A6-21149019B425}"
EndProject
Global
	GlobalSection(SolutionConfigurationPlatforms) = preSolution
		Debug|Any CPU = Debug|Any CPU
		Release|Any CPU = Release|Any CPU
	EndGlobalSection
	GlobalSection(ProjectConfigurationPlatforms) = postSolution
		{F848FF15-68F8-4FE3-A1A6-21149019B425}.Debug|Any CPU.ActiveCfg = Debug|Any CPU
		{F848FF15-68F8-4FE3-A1A6-21149019B425}.Debug|Any CPU.Build.0 = Debug|Any CPU
		{F848FF15-68F8-4FE3-A1A6-21149019B425}.Release|Any CPU.ActiveCfg = Release|Any CPU
		{F848FF15-68F8-4FE3-A1A6-21149019B425}.Release|Any CPU.Build.0 = Release|Any CPU
	EndGlobalSection
	GlobalSection(SolutionProperties) = preSolution
		HideSolutionNode = FALSE
	EndGlobalSection
	GlobalSection(ExtensibilityGlobals) = postSolution
		SolutionGuid = {5895E530-7148-4960-92FC-1F6C2FFC8261}
	EndGlobalSection
EndGlobal
